<?xml version="1.0" encoding="utf-8"?>
<Project ToolsVersion="4.0" xmlns="http://schemas.microsoft.com/developer/msbuild/2003">
  <ItemGroup>
    <Filter Include="Quelldateien">
      <UniqueIdentifier>{4FC737F1-C7A5-4376-A066-2A32D752A2FF}</UniqueIdentifier>
      <Extensions>cpp;c;cc;cxx;def;odl;idl;hpj;bat;asm;asmx</Extensions>
    </Filter>
    <Filter Include="Headerdateien">
      <UniqueIdentifier>{93995380-89BD-4b04-88EB-625FBE52EBFB}</UniqueIdentifier>
      <Extensions>h;hh;hpp;hxx;hm;inl;inc;xsd</Extensions>
    </Filter>
    <Filter Include="Ressourcendateien">
      <UniqueIdentifier>{67DA6AB6-F800-4c08-8B7A-83BB121AAD01}</UniqueIdentifier>
      <Extensions>rc;ico;cur;bmp;dlg;rc2;rct;bin;rgs;gif;jpg;jpeg;jpe;resx;tiff;tif;png;wav;mfcribbon-ms</Extensions>
    </Filter>
  </ItemGroup>
  <ItemGroup>
    <ClCompile Include="functions.cpp">
      <Filter>Quelldateien</Filter>
    </ClCompile>
    <ClCompile Include="TechTree.cpp">
      <Filter>Quelldateien</Filter>
    </ClCompile>
    <ClCompile Include="Control.cpp">
      <Filter>Quelldateien</Filter>
    </ClCompile>
    <ClCompile Include="Panel.cpp">
      <Filter>Quelldateien</Filter>
    </ClCompile>
    <ClCompile Include="SlpFrameHeader.cpp">
      <Filter>Quelldateien</Filter>
    </ClCompile>
    <ClCompile Include="SlpFile.cpp">
      <Filter>Quelldateien</Filter>
    </ClCompile>
    <ClCompile Include="SlpFileElement.cpp">
      <Filter>Quelldateien</Filter>
    </ClCompile>
    <ClCompile Include="DirectDrawBufferData.cpp">
      <Filter>Quelldateien</Filter>
    </ClCompile>
    <ClCompile Include="DirectDrawBufferDataListElement.cpp">
      <Filter>Quelldateien</Filter>
    </ClCompile>
    <ClCompile Include="ControlListElement.cpp">
      <Filter>Quelldateien</Filter>
    </ClCompile>
    <ClCompile Include="DirectDrawHandler.cpp">
      <Filter>Quelldateien</Filter>
    </ClCompile>
    <ClCompile Include="Unknown1064ByteDirectDrawRelatedClass.cpp">
      <Filter>Quelldateien</Filter>
    </ClCompile>
    <ClCompile Include="AnotherControlRelatedClass.cpp">
      <Filter>Quelldateien</Filter>
    </ClCompile>
    <ClCompile Include="UnknownPaletteRelatedClass.cpp">
      <Filter>Quelldateien</Filter>
    </ClCompile>
    <ClCompile Include="LabelControl.cpp">
      <Filter>Quelldateien</Filter>
    </ClCompile>
    <ClCompile Include="LabelLineData.cpp">
      <Filter>Quelldateien</Filter>
    </ClCompile>
    <ClCompile Include="TextFormatData.cpp">
      <Filter>Quelldateien</Filter>
    </ClCompile>
    <ClCompile Include="ScrollBarControl.cpp">
      <Filter>Quelldateien</Filter>
    </ClCompile>
    <ClCompile Include="ButtonControl.cpp">
      <Filter>Quelldateien</Filter>
    </ClCompile>
    <ClCompile Include="Window.cpp">
      <Filter>Quelldateien</Filter>
    </ClCompile>
    <ClCompile Include="TechTreeWindow.cpp">
      <Filter>Quelldateien</Filter>
    </ClCompile>
    <ClCompile Include="TextBoxControl.cpp">
      <Filter>Quelldateien</Filter>
    </ClCompile>
    <ClCompile Include="ComboBoxControl.cpp">
      <Filter>Quelldateien</Filter>
    </ClCompile>
    <ClCompile Include="DropDownButtonControl.cpp">
      <Filter>Quelldateien</Filter>
    </ClCompile>
    <ClCompile Include="ListBoxControl.cpp">
      <Filter>Quelldateien</Filter>
    </ClCompile>
    <ClCompile Include="StaticControlContainer.cpp">
      <Filter>Quelldateien</Filter>
    </ClCompile>
    <ClCompile Include="TechTreeData.cpp">
      <Filter>Quelldateien</Filter>
    </ClCompile>
    <ClCompile Include="TechTreeElement.cpp">
      <Filter>Quelldateien</Filter>
    </ClCompile>
    <ClCompile Include="TechTreeRenderer.cpp">
      <Filter>Quelldateien</Filter>
    </ClCompile>
    <ClCompile Include="VanillaTechTreeRenderer.cpp">
      <Filter>Quelldateien</Filter>
    </ClCompile>
    <ClCompile Include="Game.cpp">
      <Filter>Quelldateien</Filter>
    </ClCompile>
    <ClCompile Include="GameDataHandler.cpp">
      <Filter>Quelldateien</Filter>
    </ClCompile>
    <ClCompile Include="FontData.cpp">
      <Filter>Quelldateien</Filter>
    </ClCompile>
    <ClCompile Include="CivData.cpp">
      <Filter>Quelldateien</Filter>
    </ClCompile>
    <ClCompile Include="BaseUnitData.cpp">
      <Filter>Quelldateien</Filter>
    </ClCompile>
    <ClCompile Include="ResearchData.cpp">
      <Filter>Quelldateien</Filter>
    </ClCompile>
    <ClCompile Include="ResearchDataItem.cpp">
      <Filter>Quelldateien</Filter>
    </ClCompile>
    <ClCompile Include="TechTreeDesign.cpp">
      <Filter>Quelldateien</Filter>
    </ClCompile>
  </ItemGroup>
  <ItemGroup>
    <ClInclude Include="functions.h">
      <Filter>Headerdateien</Filter>
    </ClInclude>
    <ClInclude Include="Control.h">
      <Filter>Headerdateien</Filter>
    </ClInclude>
    <ClInclude Include="GameType.h">
      <Filter>Headerdateien</Filter>
    </ClInclude>
    <ClInclude Include="Panel.h">
      <Filter>Headerdateien</Filter>
    </ClInclude>
    <ClInclude Include="SlpFrameHeader.h">
      <Filter>Headerdateien</Filter>
    </ClInclude>
    <ClInclude Include="SlpFile.h">
      <Filter>Headerdateien</Filter>
    </ClInclude>
    <ClInclude Include="SlpFileElement.h">
      <Filter>Headerdateien</Filter>
    </ClInclude>
    <ClInclude Include="DirectDrawBufferData.h">
      <Filter>Headerdateien</Filter>
    </ClInclude>
    <ClInclude Include="DirectDrawBufferDataListElement.h">
      <Filter>Headerdateien</Filter>
    </ClInclude>
    <ClInclude Include="ControlListElement.h">
      <Filter>Headerdateien</Filter>
    </ClInclude>
    <ClInclude Include="DirectDrawHandler.h">
      <Filter>Headerdateien</Filter>
    </ClInclude>
    <ClInclude Include="Unknown1064ByteDirectDrawRelatedClass.h">
      <Filter>Headerdateien</Filter>
    </ClInclude>
    <ClInclude Include="AnotherControlRelatedClass.h">
      <Filter>Headerdateien</Filter>
    </ClInclude>
    <ClInclude Include="UnknownPaletteRelatedClass.h">
      <Filter>Headerdateien</Filter>
    </ClInclude>
    <ClInclude Include="VTableType.h">
      <Filter>Headerdateien</Filter>
    </ClInclude>
    <ClInclude Include="LabelControl.h">
      <Filter>Headerdateien</Filter>
    </ClInclude>
    <ClInclude Include="LabelLineData.h">
      <Filter>Headerdateien</Filter>
    </ClInclude>
    <ClInclude Include="TextFormatData.h">
      <Filter>Headerdateien</Filter>
    </ClInclude>
    <ClInclude Include="ScrollBarControl.h">
      <Filter>Headerdateien</Filter>
    </ClInclude>
    <ClInclude Include="ButtonControl.h">
      <Filter>Headerdateien</Filter>
    </ClInclude>
    <ClInclude Include="Window.h">
      <Filter>Headerdateien</Filter>
    </ClInclude>
    <ClInclude Include="TechTreeWindow.h">
      <Filter>Headerdateien</Filter>
    </ClInclude>
    <ClInclude Include="TextBoxControl.h">
      <Filter>Headerdateien</Filter>
    </ClInclude>
    <ClInclude Include="ComboBoxControl.h">
      <Filter>Headerdateien</Filter>
    </ClInclude>
    <ClInclude Include="DropDownButtonControl.h">
      <Filter>Headerdateien</Filter>
    </ClInclude>
    <ClInclude Include="ListBoxControl.h">
      <Filter>Headerdateien</Filter>
    </ClInclude>
    <ClInclude Include="StaticControlContainer.h">
      <Filter>Headerdateien</Filter>
    </ClInclude>
    <ClInclude Include="TechTreeData.h">
      <Filter>Headerdateien</Filter>
    </ClInclude>
    <ClInclude Include="TechTreeElement.h">
      <Filter>Headerdateien</Filter>
    </ClInclude>
    <ClInclude Include="TechTreeRenderer.h">
      <Filter>Headerdateien</Filter>
    </ClInclude>
    <ClInclude Include="VanillaTechTreeRenderer.h">
      <Filter>Headerdateien</Filter>
    </ClInclude>
    <ClInclude Include="Game.h">
      <Filter>Headerdateien</Filter>
    </ClInclude>
    <ClInclude Include="GameDataHandler.h">
      <Filter>Headerdateien</Filter>
    </ClInclude>
    <ClInclude Include="FontData.h">
      <Filter>Headerdateien</Filter>
    </ClInclude>
    <ClInclude Include="CivData.h">
      <Filter>Headerdateien</Filter>
    </ClInclude>
    <ClInclude Include="BaseUnitData.h">
      <Filter>Headerdateien</Filter>
    </ClInclude>
    <ClInclude Include="ResearchData.h">
      <Filter>Headerdateien</Filter>
    </ClInclude>
    <ClInclude Include="ResearchDataItem.h">
      <Filter>Headerdateien</Filter>
    </ClInclude>
    <ClInclude Include="DrawUtilities.h">
      <Filter>Headerdateien</Filter>
    </ClInclude>
    <ClInclude Include="TechTreeDesign.h">
      <Filter>Headerdateien</Filter>
    </ClInclude>
  </ItemGroup>
</Project>